# This file is automatically @generated by Cargo.
# It is not intended for manual editing.
version = 4

[[package]]
name = "veritypay-tooling"
version = "0.0.0"
dependencies = [
 "vp-core",
 "vp-diagnostics",
 "vp-engine",
 "vp-registry",
]

[[package]]
name = "vp-cli"
version = "0.0.0"
dependencies = [
 "vp-core",
 "vp-diagnostics",
 "vp-engine",
 "vp-registry",
]

[[package]]
name = "vp-core"
version = "0.0.0"
dependencies = [
 "vp-diagnostics",
]

[[package]]
name = "vp-diagnostics"
version = "0.0.0"

[[package]]
name = "vp-engine"
version = "0.0.0"
dependencies = [
 "vp-core",
 "vp-diagnostics",
]

[[package]]
name = "vp-registry"
version = "0.0.0"
dependencies = [
 "vp-core",
 "vp-diagnostics",
]
